
Microsoft Visual Studio Solution File, Format Version 9.00
# Visual Studio 2005
Project("{FAE04EC0-301F-11D3-BF4B-00C04F79EFBC}") = "utilities", "utilities.csproj", "{3028A130-2D88-4581-B9F9-D840FA39875D}"
EndProject
Global
	GlobalSection(SolutionConfigurationPlatforms) = preSolution
		Debug|Any CPU = Debug|Any CPU
		Release|Any CPU = Release|Any CPU
	EndGlobalSection
	GlobalSection(ProjectConfigurationPlatforms) = postSolution
		{3028A130-2D88-4581-B9F9-D840FA39875D}.Debug|Any CPU.ActiveCfg = Debug|Any CPU
		{3028A130-2D88-4581-B9F9-D840FA39875D}.Debug|Any CPU.Build.0 = Debug|Any CPU
		{3028A130-2D88-4581-B9F9-D840FA39875D}.Release|Any CPU.ActiveCfg = Release|Any CPU
		{3028A130-2D88-4581-B9F9-D840FA39875D}.Release|Any CPU.Build.0 = Release|Any CPU
	EndGlobalSection
	GlobalSection(SolutionProperties) = preSolution
		HideSolutionNode = FALSE
	EndGlobalSection
EndGlobal
