Microsoft Visual Studio Solution File, Format Version 9.00
# Visual C# Express 2005
Project("{FAE04EC0-301F-11D3-BF4B-00C04F79EFBC}") = "test", "test.csproj", "{7664D8E1-99F3-45F0-B497-C36846E8A321}"
EndProject
Project("{FAE04EC0-301F-11D3-BF4B-00C04F79EFBC}") = "sentcore", "..\..\sentcore\sentcore.csproj", "{E699E1D5-D5AA-445C-BAD3-F0F6A53D7538}"
EndProject
Project("{FAE04EC0-301F-11D3-BF4B-00C04F79EFBC}") = "pathplanner", "..\..\pathplanner\pathplanner.csproj", "{00157781-7254-481B-8229-58E18AEF65F9}"
EndProject
Global
	GlobalSection(SolutionConfigurationPlatforms) = preSolution
		Debug|Any CPU = Debug|Any CPU
		Release|Any CPU = Release|Any CPU
	EndGlobalSection
	GlobalSection(ProjectConfigurationPlatforms) = postSolution
		{7664D8E1-99F3-45F0-B497-C36846E8A321}.Debug|Any CPU.ActiveCfg = Debug|Any CPU
		{7664D8E1-99F3-45F0-B497-C36846E8A321}.Debug|Any CPU.Build.0 = Debug|Any CPU
		{7664D8E1-99F3-45F0-B497-C36846E8A321}.Release|Any CPU.ActiveCfg = Release|Any CPU
		{7664D8E1-99F3-45F0-B497-C36846E8A321}.Release|Any CPU.Build.0 = Release|Any CPU
		{E699E1D5-D5AA-445C-BAD3-F0F6A53D7538}.Debug|Any CPU.ActiveCfg = Debug|Any CPU
		{E699E1D5-D5AA-445C-BAD3-F0F6A53D7538}.Debug|Any CPU.Build.0 = Debug|Any CPU
		{E699E1D5-D5AA-445C-BAD3-F0F6A53D7538}.Release|Any CPU.ActiveCfg = Release|Any CPU
		{E699E1D5-D5AA-445C-BAD3-F0F6A53D7538}.Release|Any CPU.Build.0 = Release|Any CPU
		{00157781-7254-481B-8229-58E18AEF65F9}.Debug|Any CPU.ActiveCfg = Debug|Any CPU
		{00157781-7254-481B-8229-58E18AEF65F9}.Debug|Any CPU.Build.0 = Debug|Any CPU
		{00157781-7254-481B-8229-58E18AEF65F9}.Release|Any CPU.ActiveCfg = Release|Any CPU
		{00157781-7254-481B-8229-58E18AEF65F9}.Release|Any CPU.Build.0 = Release|Any CPU
	EndGlobalSection
	GlobalSection(SolutionProperties) = preSolution
		HideSolutionNode = FALSE
	EndGlobalSection
EndGlobal
