
Microsoft Visual Studio Solution File, Format Version 9.00
# Visual C# Express 2005
Project("{FAE04EC0-301F-11D3-BF4B-00C04F79EFBC}") = "gridviewer", "DxControl\gridviewer.csproj", "{456521D5-778B-4058-8F5F-045AB3BAEC3A}"
EndProject
Project("{FAE04EC0-301F-11D3-BF4B-00C04F79EFBC}") = "sentcore", "..\..\sentcore\sentcore.csproj", "{E699E1D5-D5AA-445C-BAD3-F0F6A53D7538}"
EndProject
Global
	GlobalSection(SolutionConfigurationPlatforms) = preSolution
		Debug|Any CPU = Debug|Any CPU
		Release|Any CPU = Release|Any CPU
	EndGlobalSection
	GlobalSection(ProjectConfigurationPlatforms) = postSolution
		{456521D5-778B-4058-8F5F-045AB3BAEC3A}.Debug|Any CPU.ActiveCfg = Debug|Any CPU
		{456521D5-778B-4058-8F5F-045AB3BAEC3A}.Debug|Any CPU.Build.0 = Debug|Any CPU
		{456521D5-778B-4058-8F5F-045AB3BAEC3A}.Release|Any CPU.ActiveCfg = Release|Any CPU
		{456521D5-778B-4058-8F5F-045AB3BAEC3A}.Release|Any CPU.Build.0 = Release|Any CPU
		{E699E1D5-D5AA-445C-BAD3-F0F6A53D7538}.Debug|Any CPU.ActiveCfg = Debug|Any CPU
		{E699E1D5-D5AA-445C-BAD3-F0F6A53D7538}.Debug|Any CPU.Build.0 = Debug|Any CPU
		{E699E1D5-D5AA-445C-BAD3-F0F6A53D7538}.Release|Any CPU.ActiveCfg = Release|Any CPU
		{E699E1D5-D5AA-445C-BAD3-F0F6A53D7538}.Release|Any CPU.Build.0 = Release|Any CPU
	EndGlobalSection
	GlobalSection(SolutionProperties) = preSolution
		HideSolutionNode = FALSE
	EndGlobalSection
EndGlobal
